
Microsoft Visual Studio Solution File, Format Version 12.00
# Visual Studio Version 17
VisualStudioVersion = 17.9.34518.117
MinimumVisualStudioVersion = 10.0.40219.1
Project("{FAE04EC0-301F-11D3-BF4B-00C04F79EFBC}") = "Projekt_winforms", "Projekt_winforms\Projekt_winforms.csproj", "{748922A2-CBEF-4F0C-A62F-6803DC6DC310}"
EndProject
Global
	GlobalSection(SolutionConfigurationPlatforms) = preSolution
		Debug|Any CPU = Debug|Any CPU
		Release|Any CPU = Release|Any CPU
	EndGlobalSection
	GlobalSection(ProjectConfigurationPlatforms) = postSolution
		{748922A2-CBEF-4F0C-A62F-6803DC6DC310}.Debug|Any CPU.ActiveCfg = Debug|Any CPU
		{748922A2-CBEF-4F0C-A62F-6803DC6DC310}.Debug|Any CPU.Build.0 = Debug|Any CPU
		{748922A2-CBEF-4F0C-A62F-6803DC6DC310}.Release|Any CPU.ActiveCfg = Release|Any CPU
		{748922A2-CBEF-4F0C-A62F-6803DC6DC310}.Release|Any CPU.Build.0 = Release|Any CPU
	EndGlobalSection
	GlobalSection(SolutionProperties) = preSolution
		HideSolutionNode = FALSE
	EndGlobalSection
	GlobalSection(ExtensibilityGlobals) = postSolution
		SolutionGuid = {428BFDE5-E423-428B-85D1-FADF2B714517}
	EndGlobalSection
EndGlobal
